
Microsoft Visual Studio Solution File, Format Version 12.00
# Visual Studio Version 16
VisualStudioVersion = 16.0.30907.101
MinimumVisualStudioVersion = 10.0.40219.1
Project("{8BC9CEB8-8B4A-11D0-8D11-00A0C91BC942}") = "VulkanStarter", "VulkanStarter\VulkanStarter.vcxproj", "{FEACD6B4-824F-404B-A45B-D6DF4FDAA59B}"
EndProject
Global
	GlobalSection(SolutionConfigurationPlatforms) = preSolution
		Debug|x64 = Debug|x64
		Debug|x86 = Debug|x86
		Release|x64 = Release|x64
		Release|x86 = Release|x86
	EndGlobalSection
	GlobalSection(ProjectConfigurationPlatforms) = postSolution
		{FEACD6B4-824F-404B-A45B-D6DF4FDAA59B}.Debug|x64.ActiveCfg = Debug|x64
		{FEACD6B4-824F-404B-A45B-D6DF4FDAA59B}.Debug|x64.Build.0 = Debug|x64
		{FEACD6B4-824F-404B-A45B-D6DF4FDAA59B}.Debug|x86.ActiveCfg = Debug|Win32
		{FEACD6B4-824F-404B-A45B-D6DF4FDAA59B}.Debug|x86.Build.0 = Debug|Win32
		{FEACD6B4-824F-404B-A45B-D6DF4FDAA59B}.Release|x64.ActiveCfg = Release|x64
		{FEACD6B4-824F-404B-A45B-D6DF4FDAA59B}.Release|x64.Build.0 = Release|x64
		{FEACD6B4-824F-404B-A45B-D6DF4FDAA59B}.Release|x86.ActiveCfg = Release|Win32
		{FEACD6B4-824F-404B-A45B-D6DF4FDAA59B}.Release|x86.Build.0 = Release|Win32
	EndGlobalSection
	GlobalSection(SolutionProperties) = preSolution
		HideSolutionNode = FALSE
	EndGlobalSection
	GlobalSection(ExtensibilityGlobals) = postSolution
		SolutionGuid = {68E11B49-E646-4A09-A4D3-5A9CFFFAA431}
	EndGlobalSection
EndGlobal
